
Microsoft Visual Studio Solution File, Format Version 12.00
# Visual Studio Version 16
VisualStudioVersion = 16.0.30907.101
MinimumVisualStudioVersion = 10.0.40219.1
Project("{FAE04EC0-301F-11D3-BF4B-00C04F79EFBC}") = "MyFirstCode", "IlkUygulama\MyFirstCode.csproj", "{34E568C9-03D7-4BA0-B093-2E9FEC7DB297}"
EndProject
Global
	GlobalSection(SolutionConfigurationPlatforms) = preSolution
		Debug|Any CPU = Debug|Any CPU
		Release|Any CPU = Release|Any CPU
	EndGlobalSection
	GlobalSection(ProjectConfigurationPlatforms) = postSolution
		{34E568C9-03D7-4BA0-B093-2E9FEC7DB297}.Debug|Any CPU.ActiveCfg = Debug|Any CPU
		{34E568C9-03D7-4BA0-B093-2E9FEC7DB297}.Debug|Any CPU.Build.0 = Debug|Any CPU
		{34E568C9-03D7-4BA0-B093-2E9FEC7DB297}.Release|Any CPU.ActiveCfg = Release|Any CPU
		{34E568C9-03D7-4BA0-B093-2E9FEC7DB297}.Release|Any CPU.Build.0 = Release|Any CPU
	EndGlobalSection
	GlobalSection(SolutionProperties) = preSolution
		HideSolutionNode = FALSE
	EndGlobalSection
	GlobalSection(ExtensibilityGlobals) = postSolution
		SolutionGuid = {ACF96DC8-9713-49C1-A25B-17AEFCE374E7}
	EndGlobalSection
EndGlobal
